
Microsoft Visual Studio Solution File, Format Version 12.00
# Visual Studio Version 16
VisualStudioVersion = 16.0.30330.147
MinimumVisualStudioVersion = 10.0.40219.1
Project("{8BC9CEB8-8B4A-11D0-8D11-00A0C91BC942}") = "Messenger", "Messenger\Messenger.vcxproj", "{F8F6EA1C-4CD4-4F2E-82B9-EA57EF12CE08}"
EndProject
Project("{8BC9CEB8-8B4A-11D0-8D11-00A0C91BC942}") = "Server", "Server\Server.vcxproj", "{B616BBB5-3DD9-4D8B-91AE-F8E7DA089A13}"
EndProject
Global
	GlobalSection(SolutionConfigurationPlatforms) = preSolution
		Debug|Any CPU = Debug|Any CPU
		Debug|x64 = Debug|x64
		Debug|x86 = Debug|x86
		Release|Any CPU = Release|Any CPU
		Release|x64 = Release|x64
		Release|x86 = Release|x86
	EndGlobalSection
	GlobalSection(ProjectConfigurationPlatforms) = postSolution
		{F8F6EA1C-4CD4-4F2E-82B9-EA57EF12CE08}.Debug|Any CPU.ActiveCfg = Debug|Win32
		{F8F6EA1C-4CD4-4F2E-82B9-EA57EF12CE08}.Debug|x64.ActiveCfg = Debug|x64
		{F8F6EA1C-4CD4-4F2E-82B9-EA57EF12CE08}.Debug|x64.Build.0 = Debug|x64
		{F8F6EA1C-4CD4-4F2E-82B9-EA57EF12CE08}.Debug|x86.ActiveCfg = Debug|Win32
		{F8F6EA1C-4CD4-4F2E-82B9-EA57EF12CE08}.Debug|x86.Build.0 = Debug|Win32
		{F8F6EA1C-4CD4-4F2E-82B9-EA57EF12CE08}.Release|Any CPU.ActiveCfg = Release|Win32
		{F8F6EA1C-4CD4-4F2E-82B9-EA57EF12CE08}.Release|x64.ActiveCfg = Release|x64
		{F8F6EA1C-4CD4-4F2E-82B9-EA57EF12CE08}.Release|x64.Build.0 = Release|x64
		{F8F6EA1C-4CD4-4F2E-82B9-EA57EF12CE08}.Release|x86.ActiveCfg = Release|Win32
		{F8F6EA1C-4CD4-4F2E-82B9-EA57EF12CE08}.Release|x86.Build.0 = Release|Win32
		{B616BBB5-3DD9-4D8B-91AE-F8E7DA089A13}.Debug|Any CPU.ActiveCfg = Debug|Win32
		{B616BBB5-3DD9-4D8B-91AE-F8E7DA089A13}.Debug|x64.ActiveCfg = Debug|x64
		{B616BBB5-3DD9-4D8B-91AE-F8E7DA089A13}.Debug|x64.Build.0 = Debug|x64
		{B616BBB5-3DD9-4D8B-91AE-F8E7DA089A13}.Debug|x86.ActiveCfg = Debug|Win32
		{B616BBB5-3DD9-4D8B-91AE-F8E7DA089A13}.Debug|x86.Build.0 = Debug|Win32
		{B616BBB5-3DD9-4D8B-91AE-F8E7DA089A13}.Release|Any CPU.ActiveCfg = Release|Win32
		{B616BBB5-3DD9-4D8B-91AE-F8E7DA089A13}.Release|x64.ActiveCfg = Release|x64
		{B616BBB5-3DD9-4D8B-91AE-F8E7DA089A13}.Release|x64.Build.0 = Release|x64
		{B616BBB5-3DD9-4D8B-91AE-F8E7DA089A13}.Release|x86.ActiveCfg = Release|Win32
		{B616BBB5-3DD9-4D8B-91AE-F8E7DA089A13}.Release|x86.Build.0 = Release|Win32
	EndGlobalSection
	GlobalSection(SolutionProperties) = preSolution
		HideSolutionNode = FALSE
	EndGlobalSection
	GlobalSection(ExtensibilityGlobals) = postSolution
		SolutionGuid = {6C8CCBF0-EEB3-44A1-9430-1EF10F82F424}
	EndGlobalSection
EndGlobal
